
Microsoft Visual Studio Solution File, Format Version 12.00
# Visual Studio Version 16
VisualStudioVersion = 16.0.30503.244
MinimumVisualStudioVersion = 10.0.40219.1
Project("{9A19103F-16F7-4668-BE54-9A1E7A4F7556}") = "FoodyAPI", "FoodyAPI\FoodyAPI.csproj", "{E1F97191-7A8B-458D-9B93-C62637F85A40}"
EndProject
Project("{FAE04EC0-301F-11D3-BF4B-00C04F79EFBC}") = "FoodyAPI.Tests", "FoodyAPI.Tests\FoodyAPI.Tests.csproj", "{4CFCC3FC-E10E-4758-BA24-486708F2F32A}"
EndProject
Global
	GlobalSection(SolutionConfigurationPlatforms) = preSolution
		Debug|Any CPU = Debug|Any CPU
		Release|Any CPU = Release|Any CPU
	EndGlobalSection
	GlobalSection(ProjectConfigurationPlatforms) = postSolution
		{E1F97191-7A8B-458D-9B93-C62637F85A40}.Debug|Any CPU.ActiveCfg = Debug|Any CPU
		{E1F97191-7A8B-458D-9B93-C62637F85A40}.Debug|Any CPU.Build.0 = Debug|Any CPU
		{E1F97191-7A8B-458D-9B93-C62637F85A40}.Release|Any CPU.ActiveCfg = Release|Any CPU
		{E1F97191-7A8B-458D-9B93-C62637F85A40}.Release|Any CPU.Build.0 = Release|Any CPU
		{4CFCC3FC-E10E-4758-BA24-486708F2F32A}.Debug|Any CPU.ActiveCfg = Debug|Any CPU
		{4CFCC3FC-E10E-4758-BA24-486708F2F32A}.Debug|Any CPU.Build.0 = Debug|Any CPU
		{4CFCC3FC-E10E-4758-BA24-486708F2F32A}.Release|Any CPU.ActiveCfg = Release|Any CPU
		{4CFCC3FC-E10E-4758-BA24-486708F2F32A}.Release|Any CPU.Build.0 = Release|Any CPU
	EndGlobalSection
	GlobalSection(SolutionProperties) = preSolution
		HideSolutionNode = FALSE
	EndGlobalSection
	GlobalSection(ExtensibilityGlobals) = postSolution
		SolutionGuid = {77272CFA-0F98-47F7-AC23-E6C1A35672BB}
	EndGlobalSection
	
EndGlobal
